
Microsoft Visual Studio Solution File, Format Version 12.00
# Visual Studio Version 17
VisualStudioVersion = 17.0.31903.59
MinimumVisualStudioVersion = 10.0.40219.1
Project("{2150E333-8FDC-42A3-9474-1A3956D46DE8}") = "Hosts", "Hosts", "{02EA681E-C7D8-13C7-8484-4AC65E1B71E8}"
EndProject
Project("{FAE04EC0-301F-11D3-BF4B-00C04F79EFBC}") = "GP35.SRIS", "Hosts\GP35.SRIS\GP35.SRIS.csproj", "{5C84D4B9-B1A0-C431-8088-B3D16C597B6A}"
EndProject
Project("{2150E333-8FDC-42A3-9474-1A3956D46DE8}") = "Src", "Src", "{257798A2-E7BE-4144-AE26-7390BADDBA72}"
EndProject
Project("{2150E333-8FDC-42A3-9474-1A3956D46DE8}") = "Application", "Application", "{6A5F2D0D-C217-491A-AC2F-A3BB477CDA65}"
EndProject
Project("{2150E333-8FDC-42A3-9474-1A3956D46DE8}") = "Domain", "Domain", "{06089B2F-C804-4EDC-801B-9F0CF0A73961}"
EndProject
Project("{2150E333-8FDC-42A3-9474-1A3956D46DE8}") = "Library", "Library", "{01F41D7A-1D38-4A10-A6C1-1DBD553026AC}"
EndProject
Project("{FAE04EC0-301F-11D3-BF4B-00C04F79EFBC}") = "GP35.SRIS.Application", "Src\Application\GP35.SRIS.Application\GP35.SRIS.Application.csproj", "{3123C73A-D59C-5C57-50BD-5DCA79F2E47F}"
EndProject
Project("{FAE04EC0-301F-11D3-BF4B-00C04F79EFBC}") = "GP35.SRIS.Application.Contracts", "Src\Application\GP35.SRIS.Application.Contracts\GP35.SRIS.Application.Contracts.csproj", "{88930010-D40B-8621-D1E3-8C5EEFA8560F}"
EndProject
Project("{FAE04EC0-301F-11D3-BF4B-00C04F79EFBC}") = "GP35.SRIS.Domain", "Src\Domain\GP35.SRIS.Domain\GP35.SRIS.Domain.csproj", "{C3BEF292-B956-28E4-7E91-781E0103E1F0}"
EndProject
Project("{FAE04EC0-301F-11D3-BF4B-00C04F79EFBC}") = "GP35.SRIS.Domain.Shared", "Src\Domain\GP35.SRIS.Domain.Shared\GP35.SRIS.Domain.Shared.csproj", "{3E5AB7F9-C02D-6F91-B239-51D61FAFE4E4}"
EndProject
Project("{FAE04EC0-301F-11D3-BF4B-00C04F79EFBC}") = "GP35.SRIS.Domain.SqlServer", "Src\Domain\GP35.SRIS.Domain.SqlServer\GP35.SRIS.Domain.SqlServer.csproj", "{97370093-A790-6F3E-3518-B51EB87ED894}"
EndProject
Project("{FAE04EC0-301F-11D3-BF4B-00C04F79EFBC}") = "GP35.SRIS.Cache", "Src\Library\GP35.SRIS.Cache\GP35.SRIS.Cache.csproj", "{6515747B-C559-BCB3-58BB-A2192454F5EC}"
EndProject
Project("{FAE04EC0-301F-11D3-BF4B-00C04F79EFBC}") = "GP35.SRIS.HostBase", "Src\Library\GP35.SRIS.HostBase\GP35.SRIS.HostBase.csproj", "{4CF23C19-D68A-4910-AB79-AC8D8ADA0151}"
EndProject
Project("{FAE04EC0-301F-11D3-BF4B-00C04F79EFBC}") = "GP35.SRIS.Lib", "Src\Library\GP35.SRIS.Lib\GP35.SRIS.Lib.csproj", "{9CB6167C-4F6D-FB83-BF92-6E6C920A1220}"
EndProject
Project("{FAE04EC0-301F-11D3-BF4B-00C04F79EFBC}") = "GP35.SRIS.Storage", "Src\Library\GP35.SRIS.Storage\GP35.SRIS.Storage.csproj", "{A758F5B3-E007-D7EC-C537-733E38B4EECD}"
EndProject
Project("{FAE04EC0-301F-11D3-BF4B-00C04F79EFBC}") = "GP35.SRIS.Storage.Minio", "Src\Library\GP35.SRIS.Storage.Minio\GP35.SRIS.Storage.Minio.csproj", "{712ED67B-4C7C-ECFE-EE1C-A8F6276B9431}"
EndProject
Project("{2150E333-8FDC-42A3-9474-1A3956D46DE8}") = "tools", "tools", "{07C2787E-EAC7-C090-1BA3-A61EC2A24D84}"
EndProject
Project("{FAE04EC0-301F-11D3-BF4B-00C04F79EFBC}") = "GP35.SRIS.DbMigrator", "tools\GP35.SRIS.DbMigrator\GP35.SRIS.DbMigrator.csproj", "{BD1B37AA-2B0A-4F2D-8934-4A9E2CAE5C35}"
EndProject
Global
	GlobalSection(SolutionConfigurationPlatforms) = preSolution
		Debug|Any CPU = Debug|Any CPU
		Debug|x64 = Debug|x64
		Debug|x86 = Debug|x86
		Release|Any CPU = Release|Any CPU
		Release|x64 = Release|x64
		Release|x86 = Release|x86
	EndGlobalSection
	GlobalSection(ProjectConfigurationPlatforms) = postSolution
		{5C84D4B9-B1A0-C431-8088-B3D16C597B6A}.Debug|Any CPU.ActiveCfg = Debug|Any CPU
		{5C84D4B9-B1A0-C431-8088-B3D16C597B6A}.Debug|Any CPU.Build.0 = Debug|Any CPU
		{5C84D4B9-B1A0-C431-8088-B3D16C597B6A}.Debug|x64.ActiveCfg = Debug|Any CPU
		{5C84D4B9-B1A0-C431-8088-B3D16C597B6A}.Debug|x64.Build.0 = Debug|Any CPU
		{5C84D4B9-B1A0-C431-8088-B3D16C597B6A}.Debug|x86.ActiveCfg = Debug|Any CPU
		{5C84D4B9-B1A0-C431-8088-B3D16C597B6A}.Debug|x86.Build.0 = Debug|Any CPU
		{5C84D4B9-B1A0-C431-8088-B3D16C597B6A}.Release|Any CPU.ActiveCfg = Release|Any CPU
		{5C84D4B9-B1A0-C431-8088-B3D16C597B6A}.Release|Any CPU.Build.0 = Release|Any CPU
		{5C84D4B9-B1A0-C431-8088-B3D16C597B6A}.Release|x64.ActiveCfg = Release|Any CPU
		{5C84D4B9-B1A0-C431-8088-B3D16C597B6A}.Release|x64.Build.0 = Release|Any CPU
		{5C84D4B9-B1A0-C431-8088-B3D16C597B6A}.Release|x86.ActiveCfg = Release|Any CPU
		{5C84D4B9-B1A0-C431-8088-B3D16C597B6A}.Release|x86.Build.0 = Release|Any CPU
		{3123C73A-D59C-5C57-50BD-5DCA79F2E47F}.Debug|Any CPU.ActiveCfg = Debug|Any CPU
		{3123C73A-D59C-5C57-50BD-5DCA79F2E47F}.Debug|Any CPU.Build.0 = Debug|Any CPU
		{3123C73A-D59C-5C57-50BD-5DCA79F2E47F}.Debug|x64.ActiveCfg = Debug|Any CPU
		{3123C73A-D59C-5C57-50BD-5DCA79F2E47F}.Debug|x64.Build.0 = Debug|Any CPU
		{3123C73A-D59C-5C57-50BD-5DCA79F2E47F}.Debug|x86.ActiveCfg = Debug|Any CPU
		{3123C73A-D59C-5C57-50BD-5DCA79F2E47F}.Debug|x86.Build.0 = Debug|Any CPU
		{3123C73A-D59C-5C57-50BD-5DCA79F2E47F}.Release|Any CPU.ActiveCfg = Release|Any CPU
		{3123C73A-D59C-5C57-50BD-5DCA79F2E47F}.Release|Any CPU.Build.0 = Release|Any CPU
		{3123C73A-D59C-5C57-50BD-5DCA79F2E47F}.Release|x64.ActiveCfg = Release|Any CPU
		{3123C73A-D59C-5C57-50BD-5DCA79F2E47F}.Release|x64.Build.0 = Release|Any CPU
		{3123C73A-D59C-5C57-50BD-5DCA79F2E47F}.Release|x86.ActiveCfg = Release|Any CPU
		{3123C73A-D59C-5C57-50BD-5DCA79F2E47F}.Release|x86.Build.0 = Release|Any CPU
		{88930010-D40B-8621-D1E3-8C5EEFA8560F}.Debug|Any CPU.ActiveCfg = Debug|Any CPU
		{88930010-D40B-8621-D1E3-8C5EEFA8560F}.Debug|Any CPU.Build.0 = Debug|Any CPU
		{88930010-D40B-8621-D1E3-8C5EEFA8560F}.Debug|x64.ActiveCfg = Debug|Any CPU
		{88930010-D40B-8621-D1E3-8C5EEFA8560F}.Debug|x64.Build.0 = Debug|Any CPU
		{88930010-D40B-8621-D1E3-8C5EEFA8560F}.Debug|x86.ActiveCfg = Debug|Any CPU
		{88930010-D40B-8621-D1E3-8C5EEFA8560F}.Debug|x86.Build.0 = Debug|Any CPU
		{88930010-D40B-8621-D1E3-8C5EEFA8560F}.Release|Any CPU.ActiveCfg = Release|Any CPU
		{88930010-D40B-8621-D1E3-8C5EEFA8560F}.Release|Any CPU.Build.0 = Release|Any CPU
		{88930010-D40B-8621-D1E3-8C5EEFA8560F}.Release|x64.ActiveCfg = Release|Any CPU
		{88930010-D40B-8621-D1E3-8C5EEFA8560F}.Release|x64.Build.0 = Release|Any CPU
		{88930010-D40B-8621-D1E3-8C5EEFA8560F}.Release|x86.ActiveCfg = Release|Any CPU
		{88930010-D40B-8621-D1E3-8C5EEFA8560F}.Release|x86.Build.0 = Release|Any CPU
		{C3BEF292-B956-28E4-7E91-781E0103E1F0}.Debug|Any CPU.ActiveCfg = Debug|Any CPU
		{C3BEF292-B956-28E4-7E91-781E0103E1F0}.Debug|Any CPU.Build.0 = Debug|Any CPU
		{C3BEF292-B956-28E4-7E91-781E0103E1F0}.Debug|x64.ActiveCfg = Debug|Any CPU
		{C3BEF292-B956-28E4-7E91-781E0103E1F0}.Debug|x64.Build.0 = Debug|Any CPU
		{C3BEF292-B956-28E4-7E91-781E0103E1F0}.Debug|x86.ActiveCfg = Debug|Any CPU
		{C3BEF292-B956-28E4-7E91-781E0103E1F0}.Debug|x86.Build.0 = Debug|Any CPU
		{C3BEF292-B956-28E4-7E91-781E0103E1F0}.Release|Any CPU.ActiveCfg = Release|Any CPU
		{C3BEF292-B956-28E4-7E91-781E0103E1F0}.Release|Any CPU.Build.0 = Release|Any CPU
		{C3BEF292-B956-28E4-7E91-781E0103E1F0}.Release|x64.ActiveCfg = Release|Any CPU
		{C3BEF292-B956-28E4-7E91-781E0103E1F0}.Release|x64.Build.0 = Release|Any CPU
		{C3BEF292-B956-28E4-7E91-781E0103E1F0}.Release|x86.ActiveCfg = Release|Any CPU
		{C3BEF292-B956-28E4-7E91-781E0103E1F0}.Release|x86.Build.0 = Release|Any CPU
		{3E5AB7F9-C02D-6F91-B239-51D61FAFE4E4}.Debug|Any CPU.ActiveCfg = Debug|Any CPU
		{3E5AB7F9-C02D-6F91-B239-51D61FAFE4E4}.Debug|Any CPU.Build.0 = Debug|Any CPU
		{3E5AB7F9-C02D-6F91-B239-51D61FAFE4E4}.Debug|x64.ActiveCfg = Debug|Any CPU
		{3E5AB7F9-C02D-6F91-B239-51D61FAFE4E4}.Debug|x64.Build.0 = Debug|Any CPU
		{3E5AB7F9-C02D-6F91-B239-51D61FAFE4E4}.Debug|x86.ActiveCfg = Debug|Any CPU
		{3E5AB7F9-C02D-6F91-B239-51D61FAFE4E4}.Debug|x86.Build.0 = Debug|Any CPU
		{3E5AB7F9-C02D-6F91-B239-51D61FAFE4E4}.Release|Any CPU.ActiveCfg = Release|Any CPU
		{3E5AB7F9-C02D-6F91-B239-51D61FAFE4E4}.Release|Any CPU.Build.0 = Release|Any CPU
		{3E5AB7F9-C02D-6F91-B239-51D61FAFE4E4}.Release|x64.ActiveCfg = Release|Any CPU
		{3E5AB7F9-C02D-6F91-B239-51D61FAFE4E4}.Release|x64.Build.0 = Release|Any CPU
		{3E5AB7F9-C02D-6F91-B239-51D61FAFE4E4}.Release|x86.ActiveCfg = Release|Any CPU
		{3E5AB7F9-C02D-6F91-B239-51D61FAFE4E4}.Release|x86.Build.0 = Release|Any CPU
		{97370093-A790-6F3E-3518-B51EB87ED894}.Debug|Any CPU.ActiveCfg = Debug|Any CPU
		{97370093-A790-6F3E-3518-B51EB87ED894}.Debug|Any CPU.Build.0 = Debug|Any CPU
		{97370093-A790-6F3E-3518-B51EB87ED894}.Debug|x64.ActiveCfg = Debug|Any CPU
		{97370093-A790-6F3E-3518-B51EB87ED894}.Debug|x64.Build.0 = Debug|Any CPU
		{97370093-A790-6F3E-3518-B51EB87ED894}.Debug|x86.ActiveCfg = Debug|Any CPU
		{97370093-A790-6F3E-3518-B51EB87ED894}.Debug|x86.Build.0 = Debug|Any CPU
		{97370093-A790-6F3E-3518-B51EB87ED894}.Release|Any CPU.ActiveCfg = Release|Any CPU
		{97370093-A790-6F3E-3518-B51EB87ED894}.Release|Any CPU.Build.0 = Release|Any CPU
		{97370093-A790-6F3E-3518-B51EB87ED894}.Release|x64.ActiveCfg = Release|Any CPU
		{97370093-A790-6F3E-3518-B51EB87ED894}.Release|x64.Build.0 = Release|Any CPU
		{97370093-A790-6F3E-3518-B51EB87ED894}.Release|x86.ActiveCfg = Release|Any CPU
		{97370093-A790-6F3E-3518-B51EB87ED894}.Release|x86.Build.0 = Release|Any CPU
		{6515747B-C559-BCB3-58BB-A2192454F5EC}.Debug|Any CPU.ActiveCfg = Debug|Any CPU
		{6515747B-C559-BCB3-58BB-A2192454F5EC}.Debug|Any CPU.Build.0 = Debug|Any CPU
		{6515747B-C559-BCB3-58BB-A2192454F5EC}.Debug|x64.ActiveCfg = Debug|Any CPU
		{6515747B-C559-BCB3-58BB-A2192454F5EC}.Debug|x64.Build.0 = Debug|Any CPU
		{6515747B-C559-BCB3-58BB-A2192454F5EC}.Debug|x86.ActiveCfg = Debug|Any CPU
		{6515747B-C559-BCB3-58BB-A2192454F5EC}.Debug|x86.Build.0 = Debug|Any CPU
		{6515747B-C559-BCB3-58BB-A2192454F5EC}.Release|Any CPU.ActiveCfg = Release|Any CPU
		{6515747B-C559-BCB3-58BB-A2192454F5EC}.Release|Any CPU.Build.0 = Release|Any CPU
		{6515747B-C559-BCB3-58BB-A2192454F5EC}.Release|x64.ActiveCfg = Release|Any CPU
		{6515747B-C559-BCB3-58BB-A2192454F5EC}.Release|x64.Build.0 = Release|Any CPU
		{6515747B-C559-BCB3-58BB-A2192454F5EC}.Release|x86.ActiveCfg = Release|Any CPU
		{6515747B-C559-BCB3-58BB-A2192454F5EC}.Release|x86.Build.0 = Release|Any CPU
		{4CF23C19-D68A-4910-AB79-AC8D8ADA0151}.Debug|Any CPU.ActiveCfg = Debug|Any CPU
		{4CF23C19-D68A-4910-AB79-AC8D8ADA0151}.Debug|Any CPU.Build.0 = Debug|Any CPU
		{4CF23C19-D68A-4910-AB79-AC8D8ADA0151}.Debug|x64.ActiveCfg = Debug|Any CPU
		{4CF23C19-D68A-4910-AB79-AC8D8ADA0151}.Debug|x64.Build.0 = Debug|Any CPU
		{4CF23C19-D68A-4910-AB79-AC8D8ADA0151}.Debug|x86.ActiveCfg = Debug|Any CPU
		{4CF23C19-D68A-4910-AB79-AC8D8ADA0151}.Debug|x86.Build.0 = Debug|Any CPU
		{4CF23C19-D68A-4910-AB79-AC8D8ADA0151}.Release|Any CPU.ActiveCfg = Release|Any CPU
		{4CF23C19-D68A-4910-AB79-AC8D8ADA0151}.Release|Any CPU.Build.0 = Release|Any CPU
		{4CF23C19-D68A-4910-AB79-AC8D8ADA0151}.Release|x64.ActiveCfg = Release|Any CPU
		{4CF23C19-D68A-4910-AB79-AC8D8ADA0151}.Release|x64.Build.0 = Release|Any CPU
		{4CF23C19-D68A-4910-AB79-AC8D8ADA0151}.Release|x86.ActiveCfg = Release|Any CPU
		{4CF23C19-D68A-4910-AB79-AC8D8ADA0151}.Release|x86.Build.0 = Release|Any CPU
		{9CB6167C-4F6D-FB83-BF92-6E6C920A1220}.Debug|Any CPU.ActiveCfg = Debug|Any CPU
		{9CB6167C-4F6D-FB83-BF92-6E6C920A1220}.Debug|Any CPU.Build.0 = Debug|Any CPU
		{9CB6167C-4F6D-FB83-BF92-6E6C920A1220}.Debug|x64.ActiveCfg = Debug|Any CPU
		{9CB6167C-4F6D-FB83-BF92-6E6C920A1220}.Debug|x64.Build.0 = Debug|Any CPU
		{9CB6167C-4F6D-FB83-BF92-6E6C920A1220}.Debug|x86.ActiveCfg = Debug|Any CPU
		{9CB6167C-4F6D-FB83-BF92-6E6C920A1220}.Debug|x86.Build.0 = Debug|Any CPU
		{9CB6167C-4F6D-FB83-BF92-6E6C920A1220}.Release|Any CPU.ActiveCfg = Release|Any CPU
		{9CB6167C-4F6D-FB83-BF92-6E6C920A1220}.Release|Any CPU.Build.0 = Release|Any CPU
		{9CB6167C-4F6D-FB83-BF92-6E6C920A1220}.Release|x64.ActiveCfg = Release|Any CPU
		{9CB6167C-4F6D-FB83-BF92-6E6C920A1220}.Release|x64.Build.0 = Release|Any CPU
		{9CB6167C-4F6D-FB83-BF92-6E6C920A1220}.Release|x86.ActiveCfg = Release|Any CPU
		{9CB6167C-4F6D-FB83-BF92-6E6C920A1220}.Release|x86.Build.0 = Release|Any CPU
		{A758F5B3-E007-D7EC-C537-733E38B4EECD}.Debug|Any CPU.ActiveCfg = Debug|Any CPU
		{A758F5B3-E007-D7EC-C537-733E38B4EECD}.Debug|Any CPU.Build.0 = Debug|Any CPU
		{A758F5B3-E007-D7EC-C537-733E38B4EECD}.Debug|x64.ActiveCfg = Debug|Any CPU
		{A758F5B3-E007-D7EC-C537-733E38B4EECD}.Debug|x64.Build.0 = Debug|Any CPU
		{A758F5B3-E007-D7EC-C537-733E38B4EECD}.Debug|x86.ActiveCfg = Debug|Any CPU
		{A758F5B3-E007-D7EC-C537-733E38B4EECD}.Debug|x86.Build.0 = Debug|Any CPU
		{A758F5B3-E007-D7EC-C537-733E38B4EECD}.Release|Any CPU.ActiveCfg = Release|Any CPU
		{A758F5B3-E007-D7EC-C537-733E38B4EECD}.Release|Any CPU.Build.0 = Release|Any CPU
		{A758F5B3-E007-D7EC-C537-733E38B4EECD}.Release|x64.ActiveCfg = Release|Any CPU
		{A758F5B3-E007-D7EC-C537-733E38B4EECD}.Release|x64.Build.0 = Release|Any CPU
		{A758F5B3-E007-D7EC-C537-733E38B4EECD}.Release|x86.ActiveCfg = Release|Any CPU
		{A758F5B3-E007-D7EC-C537-733E38B4EECD}.Release|x86.Build.0 = Release|Any CPU
		{712ED67B-4C7C-ECFE-EE1C-A8F6276B9431}.Debug|Any CPU.ActiveCfg = Debug|Any CPU
		{712ED67B-4C7C-ECFE-EE1C-A8F6276B9431}.Debug|Any CPU.Build.0 = Debug|Any CPU
		{712ED67B-4C7C-ECFE-EE1C-A8F6276B9431}.Debug|x64.ActiveCfg = Debug|Any CPU
		{712ED67B-4C7C-ECFE-EE1C-A8F6276B9431}.Debug|x64.Build.0 = Debug|Any CPU
		{712ED67B-4C7C-ECFE-EE1C-A8F6276B9431}.Debug|x86.ActiveCfg = Debug|Any CPU
		{712ED67B-4C7C-ECFE-EE1C-A8F6276B9431}.Debug|x86.Build.0 = Debug|Any CPU
		{712ED67B-4C7C-ECFE-EE1C-A8F6276B9431}.Release|Any CPU.ActiveCfg = Release|Any CPU
		{712ED67B-4C7C-ECFE-EE1C-A8F6276B9431}.Release|Any CPU.Build.0 = Release|Any CPU
		{712ED67B-4C7C-ECFE-EE1C-A8F6276B9431}.Release|x64.ActiveCfg = Release|Any CPU
		{712ED67B-4C7C-ECFE-EE1C-A8F6276B9431}.Release|x64.Build.0 = Release|Any CPU
		{712ED67B-4C7C-ECFE-EE1C-A8F6276B9431}.Release|x86.ActiveCfg = Release|Any CPU
		{712ED67B-4C7C-ECFE-EE1C-A8F6276B9431}.Release|x86.Build.0 = Release|Any CPU
		{BD1B37AA-2B0A-4F2D-8934-4A9E2CAE5C35}.Debug|Any CPU.ActiveCfg = Debug|Any CPU
		{BD1B37AA-2B0A-4F2D-8934-4A9E2CAE5C35}.Debug|Any CPU.Build.0 = Debug|Any CPU
		{BD1B37AA-2B0A-4F2D-8934-4A9E2CAE5C35}.Debug|x64.ActiveCfg = Debug|Any CPU
		{BD1B37AA-2B0A-4F2D-8934-4A9E2CAE5C35}.Debug|x64.Build.0 = Debug|Any CPU
		{BD1B37AA-2B0A-4F2D-8934-4A9E2CAE5C35}.Debug|x86.ActiveCfg = Debug|Any CPU
		{BD1B37AA-2B0A-4F2D-8934-4A9E2CAE5C35}.Debug|x86.Build.0 = Debug|Any CPU
		{BD1B37AA-2B0A-4F2D-8934-4A9E2CAE5C35}.Release|Any CPU.ActiveCfg = Release|Any CPU
		{BD1B37AA-2B0A-4F2D-8934-4A9E2CAE5C35}.Release|Any CPU.Build.0 = Release|Any CPU
		{BD1B37AA-2B0A-4F2D-8934-4A9E2CAE5C35}.Release|x64.ActiveCfg = Release|Any CPU
		{BD1B37AA-2B0A-4F2D-8934-4A9E2CAE5C35}.Release|x64.Build.0 = Release|Any CPU
		{BD1B37AA-2B0A-4F2D-8934-4A9E2CAE5C35}.Release|x86.ActiveCfg = Release|Any CPU
		{BD1B37AA-2B0A-4F2D-8934-4A9E2CAE5C35}.Release|x86.Build.0 = Release|Any CPU
	EndGlobalSection
	GlobalSection(SolutionProperties) = preSolution
		HideSolutionNode = FALSE
	EndGlobalSection
	GlobalSection(NestedProjects) = preSolution
		{5C84D4B9-B1A0-C431-8088-B3D16C597B6A} = {02EA681E-C7D8-13C7-8484-4AC65E1B71E8}
		{6A5F2D0D-C217-491A-AC2F-A3BB477CDA65} = {257798A2-E7BE-4144-AE26-7390BADDBA72}
		{06089B2F-C804-4EDC-801B-9F0CF0A73961} = {257798A2-E7BE-4144-AE26-7390BADDBA72}
		{01F41D7A-1D38-4A10-A6C1-1DBD553026AC} = {257798A2-E7BE-4144-AE26-7390BADDBA72}
		{3123C73A-D59C-5C57-50BD-5DCA79F2E47F} = {6A5F2D0D-C217-491A-AC2F-A3BB477CDA65}
		{88930010-D40B-8621-D1E3-8C5EEFA8560F} = {6A5F2D0D-C217-491A-AC2F-A3BB477CDA65}
		{C3BEF292-B956-28E4-7E91-781E0103E1F0} = {06089B2F-C804-4EDC-801B-9F0CF0A73961}
		{3E5AB7F9-C02D-6F91-B239-51D61FAFE4E4} = {06089B2F-C804-4EDC-801B-9F0CF0A73961}
		{97370093-A790-6F3E-3518-B51EB87ED894} = {06089B2F-C804-4EDC-801B-9F0CF0A73961}
		{6515747B-C559-BCB3-58BB-A2192454F5EC} = {01F41D7A-1D38-4A10-A6C1-1DBD553026AC}
		{4CF23C19-D68A-4910-AB79-AC8D8ADA0151} = {01F41D7A-1D38-4A10-A6C1-1DBD553026AC}
		{9CB6167C-4F6D-FB83-BF92-6E6C920A1220} = {01F41D7A-1D38-4A10-A6C1-1DBD553026AC}
		{A758F5B3-E007-D7EC-C537-733E38B4EECD} = {01F41D7A-1D38-4A10-A6C1-1DBD553026AC}
		{712ED67B-4C7C-ECFE-EE1C-A8F6276B9431} = {01F41D7A-1D38-4A10-A6C1-1DBD553026AC}
		{BD1B37AA-2B0A-4F2D-8934-4A9E2CAE5C35} = {07C2787E-EAC7-C090-1BA3-A61EC2A24D84}
	EndGlobalSection
	GlobalSection(ExtensibilityGlobals) = postSolution
		SolutionGuid = {DC7C7A1E-8F74-4551-B598-9D4510AD51E8}
	EndGlobalSection
EndGlobal
